
Microsoft Visual Studio Solution File, Format Version 12.00
# Visual Studio 15
VisualStudioVersion = 15.0.27130.2020
MinimumVisualStudioVersion = 10.0.40219.1
Project("{FAE04EC0-301F-11D3-BF4B-00C04F79EFBC}") = "SQLAnswer", "SQLAnswer\SQLAnswer.csproj", "{D9B66C11-A6D0-4980-B5AC-A0AAD1BC7C93}"
EndProject
Global
	GlobalSection(SolutionConfigurationPlatforms) = preSolution
		Debug|Any CPU = Debug|Any CPU
		Release|Any CPU = Release|Any CPU
	EndGlobalSection
	GlobalSection(ProjectConfigurationPlatforms) = postSolution
		{D9B66C11-A6D0-4980-B5AC-A0AAD1BC7C93}.Debug|Any CPU.ActiveCfg = Debug|Any CPU
		{D9B66C11-A6D0-4980-B5AC-A0AAD1BC7C93}.Debug|Any CPU.Build.0 = Debug|Any CPU
		{D9B66C11-A6D0-4980-B5AC-A0AAD1BC7C93}.Release|Any CPU.ActiveCfg = Release|Any CPU
		{D9B66C11-A6D0-4980-B5AC-A0AAD1BC7C93}.Release|Any CPU.Build.0 = Release|Any CPU
	EndGlobalSection
	GlobalSection(SolutionProperties) = preSolution
		HideSolutionNode = FALSE
	EndGlobalSection
	GlobalSection(ExtensibilityGlobals) = postSolution
		SolutionGuid = {44239CC3-12DE-45DD-BD8A-A5CC66B98640}
	EndGlobalSection
EndGlobal
