
Microsoft Visual Studio Solution File, Format Version 12.00
# Visual Studio 15
VisualStudioVersion = 15.0.27130.2020
MinimumVisualStudioVersion = 10.0.40219.1
Project("{FAE04EC0-301F-11D3-BF4B-00C04F79EFBC}") = "webapi", "webapi\webapi.csproj", "{6929CD7F-7D38-4900-8ACB-02FD103FD7F6}"
EndProject
Project("{FAE04EC0-301F-11D3-BF4B-00C04F79EFBC}") = "webapiProxy", "webapiProxy\webapiProxy.csproj", "{0C872D15-C3CB-48A7-9FB9-CB4E90F2F44A}"
EndProject
Project("{FAE04EC0-301F-11D3-BF4B-00C04F79EFBC}") = "client", "client\client.csproj", "{7FE1B6AD-3A4D-4B47-BD8F-EBB28418797F}"
EndProject
Global
	GlobalSection(SolutionConfigurationPlatforms) = preSolution
		Debug|Any CPU = Debug|Any CPU
		Release|Any CPU = Release|Any CPU
	EndGlobalSection
	GlobalSection(ProjectConfigurationPlatforms) = postSolution
		{6929CD7F-7D38-4900-8ACB-02FD103FD7F6}.Debug|Any CPU.ActiveCfg = Debug|Any CPU
		{6929CD7F-7D38-4900-8ACB-02FD103FD7F6}.Debug|Any CPU.Build.0 = Debug|Any CPU
		{6929CD7F-7D38-4900-8ACB-02FD103FD7F6}.Release|Any CPU.ActiveCfg = Release|Any CPU
		{6929CD7F-7D38-4900-8ACB-02FD103FD7F6}.Release|Any CPU.Build.0 = Release|Any CPU
		{0C872D15-C3CB-48A7-9FB9-CB4E90F2F44A}.Debug|Any CPU.ActiveCfg = Debug|Any CPU
		{0C872D15-C3CB-48A7-9FB9-CB4E90F2F44A}.Debug|Any CPU.Build.0 = Debug|Any CPU
		{0C872D15-C3CB-48A7-9FB9-CB4E90F2F44A}.Release|Any CPU.ActiveCfg = Release|Any CPU
		{0C872D15-C3CB-48A7-9FB9-CB4E90F2F44A}.Release|Any CPU.Build.0 = Release|Any CPU
		{7FE1B6AD-3A4D-4B47-BD8F-EBB28418797F}.Debug|Any CPU.ActiveCfg = Debug|Any CPU
		{7FE1B6AD-3A4D-4B47-BD8F-EBB28418797F}.Debug|Any CPU.Build.0 = Debug|Any CPU
		{7FE1B6AD-3A4D-4B47-BD8F-EBB28418797F}.Release|Any CPU.ActiveCfg = Release|Any CPU
		{7FE1B6AD-3A4D-4B47-BD8F-EBB28418797F}.Release|Any CPU.Build.0 = Release|Any CPU
	EndGlobalSection
	GlobalSection(SolutionProperties) = preSolution
		HideSolutionNode = FALSE
	EndGlobalSection
	GlobalSection(ExtensibilityGlobals) = postSolution
		SolutionGuid = {84EED9E4-79B9-4E7B-9B77-E95E293320F5}
	EndGlobalSection
EndGlobal
